
Microsoft Visual Studio Solution File, Format Version 12.00
# Visual Studio Version 16
VisualStudioVersion = 16.0.810.12
MinimumVisualStudioVersion = 10.0.40219.1
Project("{FAE04EC0-301F-11D3-BF4B-00C04F79EFBC}") = "DataTyper", "DataTyper\DataTyper.csproj", "{8E1BFB9D-268D-4151-AC97-4080D82AF142}"
EndProject
Global
	GlobalSection(SolutionConfigurationPlatforms) = preSolution
		Debug|Any CPU = Debug|Any CPU
		Release|Any CPU = Release|Any CPU
	EndGlobalSection
	GlobalSection(ProjectConfigurationPlatforms) = postSolution
		{8E1BFB9D-268D-4151-AC97-4080D82AF142}.Debug|Any CPU.ActiveCfg = Debug|Any CPU
		{8E1BFB9D-268D-4151-AC97-4080D82AF142}.Debug|Any CPU.Build.0 = Debug|Any CPU
		{8E1BFB9D-268D-4151-AC97-4080D82AF142}.Release|Any CPU.ActiveCfg = Release|Any CPU
		{8E1BFB9D-268D-4151-AC97-4080D82AF142}.Release|Any CPU.Build.0 = Release|Any CPU
	EndGlobalSection
	GlobalSection(SolutionProperties) = preSolution
		HideSolutionNode = FALSE
	EndGlobalSection
	GlobalSection(ExtensibilityGlobals) = postSolution
		SolutionGuid = {8C7F44B3-71BC-4695-A105-FCC500427A9C}
	EndGlobalSection
EndGlobal
